
Microsoft Visual Studio Solution File, Format Version 10.00
# Visual Studio 2008
Project("{8BC9CEB8-8B4A-11D0-8D11-00A0C91BC942}") = "BatchQos_Publication_i86Win32VS2008", "BatchQos_Publication\BatchQos_Publication_i86Win32VS2008.vcproj", "{37CD29AE-7D8E-411C-93D9-9261AAD5292E}"
EndProject
Project("{8BC9CEB8-8B4A-11D0-8D11-00A0C91BC942}") = "BatchQos_Subscription_i86Win32VS2008", "BatchQos_Subscription\BatchQos_Subscription_i86Win32VS2008.vcproj", "{3069F15C-6B58-4AFA-9322-AABBB7F8BA87}"
EndProject
Project("{8BC9CEB8-8B4A-11D0-8D11-00A0C91BC942}") = "DataReceiveByFilter_Publication_i86Win32VS2008", "DataReceiveByFilter_Publication\DataReceiveByFilter_Publication_i86Win32VS2008.vcproj", "{0ADB7C13-67D3-4383-B197-05412FEBA082}"
EndProject
Project("{8BC9CEB8-8B4A-11D0-8D11-00A0C91BC942}") = "DataReceiveByFilter_Subscription_i86Win32VS2008", "DataReceiveByFilter_Subscription\DataReceiveByFilter_Subscription_i86Win32VS2008.vcproj", "{D66B9421-11AC-47F1-8CE9-8FA93A568AFF}"
EndProject
Project("{8BC9CEB8-8B4A-11D0-8D11-00A0C91BC942}") = "DataReceiveByListener_Publication_i86Win32VS2008", "DataReceiveByListener_Publication\DataReceiveByListener_Publication_i86Win32VS2008.vcproj", "{25F4364B-8BD0-460C-8033-9285D563099B}"
EndProject
Project("{8BC9CEB8-8B4A-11D0-8D11-00A0C91BC942}") = "DataReceiveByListener_Subscription_i86Win32VS2008", "DataReceiveByListener_Subscription\DataReceiveByListener_Subscription_i86Win32VS2008.vcproj", "{D5CECE8C-4B8D-4762-9090-26F09DAF33EB}"
EndProject
Project("{8BC9CEB8-8B4A-11D0-8D11-00A0C91BC942}") = "DataReceiveByWaitSet_Publication_i86Win32VS2008", "DataReceiveByWaitSet_Publication\DataReceiveByWaitSet_Publication_i86Win32VS2008.vcproj", "{6A3A723C-6952-41F9-B764-C4F9FB003C36}"
EndProject
Project("{8BC9CEB8-8B4A-11D0-8D11-00A0C91BC942}") = "DataReceiveByWaitSet_Subscription_i86Win32VS2008", "DataReceiveByWaitSet_Subscription\DataReceiveByWaitSet_Subscription_i86Win32VS2008.vcproj", "{FBD69EA3-D583-47D8-8A7E-3DF9BC9E5EDF}"
EndProject
Project("{8BC9CEB8-8B4A-11D0-8D11-00A0C91BC942}") = "DeadlineQos_Publication_i86Win32VS2008", "DeadlineQos_Publication\DeadlineQos_Publication_i86Win32VS2008.vcproj", "{26B47463-A69A-441D-8755-FFBFE8D0BE32}"
EndProject
Project("{8BC9CEB8-8B4A-11D0-8D11-00A0C91BC942}") = "DeadlineQos_Subscription_i86Win32VS2008", "DeadlineQos_Subscription\DeadlineQos_Subscription_i86Win32VS2008.vcproj", "{DDDDCCC4-D125-43F3-BF5F-EC1D6FF8A4DC}"
EndProject
Project("{8BC9CEB8-8B4A-11D0-8D11-00A0C91BC942}") = "DiscoveryEntity_Entity_i86Win32VS2008", "DiscoveryEntity_Entity\DiscoveryEntity_Entity_i86Win32VS2008.vcproj", "{6FF0789C-8CD7-4570-A30B-9EAE482AC3A0}"
EndProject
Project("{8BC9CEB8-8B4A-11D0-8D11-00A0C91BC942}") = "DiscoveryEntity_Listener_i86Win32VS2008", "DiscoveryEntity_Listener\DiscoveryEntity_Listener_i86Win32VS2008.vcproj", "{6EF6A8E8-C195-4505-8F7E-A9039CCD489D}"
EndProject
Project("{8BC9CEB8-8B4A-11D0-8D11-00A0C91BC942}") = "DomainParticipantDiscovery_Discovery_i86Win32VS2008", "DomainParticipantDiscovery_Discovery\DomainParticipantDiscovery_Discovery_i86Win32VS2008.vcproj", "{0CABE602-8F5C-430A-9A80-A68C4C6C9B29}"
EndProject
Project("{8BC9CEB8-8B4A-11D0-8D11-00A0C91BC942}") = "DomainParticipantDiscovery_Operation_i86Win32VS2008", "DomainParticipantDiscovery_Operation\DomainParticipantDiscovery_Operation_i86Win32VS2008.vcproj", "{9C6CD4B7-5EFF-4FAF-989E-482365F90D23}"
EndProject
Project("{8BC9CEB8-8B4A-11D0-8D11-00A0C91BC942}") = "DurabilityQos_Publication_i86Win32VS2008", "DurabilityQos_Publication\DurabilityQos_Publication_i86Win32VS2008.vcproj", "{7DE37D76-25C7-4C18-9534-EE5C199B89AE}"
EndProject
Project("{8BC9CEB8-8B4A-11D0-8D11-00A0C91BC942}") = "DurabilityQos_Subscription_i86Win32VS2008", "DurabilityQos_Subscription\DurabilityQos_Subscription_i86Win32VS2008.vcproj", "{A65604F6-747C-41F0-98A2-B84DE7763167}"
EndProject
Project("{8BC9CEB8-8B4A-11D0-8D11-00A0C91BC942}") = "FindTopic_i86Win32VS2008", "FindTopic\FindTopic_i86Win32VS2008.vcproj", "{D166A067-BD1F-40F6-AA2F-8A6B4B71B6FD}"
EndProject
Project("{8BC9CEB8-8B4A-11D0-8D11-00A0C91BC942}") = "GetMatchedStatus_Publication_i86Win32VS2008", "GetMatchedStatus_Publication\GetMatchedStatus_Publication_i86Win32VS2008.vcproj", "{42C4FB98-E2D7-4AFF-B858-D9990CE61034}"
EndProject
Project("{8BC9CEB8-8B4A-11D0-8D11-00A0C91BC942}") = "GetMatchedStatus_Subscription_i86Win32VS2008", "GetMatchedStatus_Subscription\GetMatchedStatus_Subscription_i86Win32VS2008.vcproj", "{72F4B37F-52A9-4DFA-A038-6DD0C4AAD0C9}"
EndProject
Project("{8BC9CEB8-8B4A-11D0-8D11-00A0C91BC942}") = "LifespanQos_Publication_i86Win32VS2008", "LifespanQos_Publication\LifespanQos_Publication_i86Win32VS2008.vcproj", "{B5529AB3-E23E-4E84-8B61-E38010FD05C1}"
EndProject
Project("{8BC9CEB8-8B4A-11D0-8D11-00A0C91BC942}") = "LifespanQos_Subscription_i86Win32VS2008", "LifespanQos_Subscription\LifespanQos_Subscription_i86Win32VS2008.vcproj", "{5AF24B22-ACA2-4A32-9C48-1E3FC9EF01CB}"
EndProject
Project("{8BC9CEB8-8B4A-11D0-8D11-00A0C91BC942}") = "LivelinessQos_Publication_i86Win32VS2008", "LivelinessQos_Publication\LivelinessQos_Publication_i86Win32VS2008.vcproj", "{99A07DD9-DC54-4D1A-BBA7-BB4256BA93DB}"
EndProject
Project("{8BC9CEB8-8B4A-11D0-8D11-00A0C91BC942}") = "LivelinessQos_Subscription_i86Win32VS2008", "LivelinessQos_Subscription\LivelinessQos_Subscription_i86Win32VS2008.vcproj", "{CFC67DD6-2915-4284-B4A8-8AF733EFFE45}"
EndProject
Project("{8BC9CEB8-8B4A-11D0-8D11-00A0C91BC942}") = "OwnershipQos_Publication_i86Win32VS2008", "OwnershipQos_Publication\OwnershipQos_Publication_i86Win32VS2008.vcproj", "{8B38ECF2-E143-4409-B5FD-16C80B8590CD}"
EndProject
Project("{8BC9CEB8-8B4A-11D0-8D11-00A0C91BC942}") = "OwnershipQos_Subscription_i86Win32VS2008", "OwnershipQos_Subscription\OwnershipQos_Subscription_i86Win32VS2008.vcproj", "{7EED14FB-98E5-4BFF-A50B-215738D44108}"
EndProject
Project("{8BC9CEB8-8B4A-11D0-8D11-00A0C91BC942}") = "PartitionQos_Publication_i86Win32VS2008", "PartitionQos_Publication\PartitionQos_Publication_i86Win32VS2008.vcproj", "{D59B4FF0-24A7-49F6-AA10-11686C9B4A67}"
EndProject
Project("{8BC9CEB8-8B4A-11D0-8D11-00A0C91BC942}") = "PartitionQos_Subscription_i86Win32VS2008", "PartitionQos_Subscription\PartitionQos_Subscription_i86Win32VS2008.vcproj", "{3BE86600-C0C9-4893-B098-BE4D5E794A27}"
EndProject
Project("{8BC9CEB8-8B4A-11D0-8D11-00A0C91BC942}") = "PresentationQos_Publication_i86Win32VS2008", "PresentationQos_Publication\PresentationQos_Publication_i86Win32VS2008.vcproj", "{F46A751E-1CD0-48D4-A316-314A300A4DC4}"
EndProject
Project("{8BC9CEB8-8B4A-11D0-8D11-00A0C91BC942}") = "PresentationQos_Subscription_i86Win32VS2008", "PresentationQos_Subscription\PresentationQos_Subscription_i86Win32VS2008.vcproj", "{6BBB8985-A1BD-4286-BE76-9076811544E4}"
EndProject
Project("{8BC9CEB8-8B4A-11D0-8D11-00A0C91BC942}") = "RapidIOQos_Publication_i86Win32VS2008", "RapidIOQos_Publication\RapidIOQos_Publication_i86Win32VS2008.vcproj", "{5036EF7B-8F7D-4C2F-AFEB-BA46DA03E8B3}"
EndProject
Project("{8BC9CEB8-8B4A-11D0-8D11-00A0C91BC942}") = "RapidIOQos_Subscription_i86Win32VS2008", "RapidIOQos_Subscription\RapidIOQos_Subscription_i86Win32VS2008.vcproj", "{38C0C762-2C6D-4257-B219-EE7CE48454B3}"
EndProject
Project("{8BC9CEB8-8B4A-11D0-8D11-00A0C91BC942}") = "SubscriptionMatchedStatus_Publication_i86Win32VS2008", "SubscriptionMatchedStatus_Publication\SubscriptionMatchedStatus_Publication_i86Win32VS2008.vcproj", "{75C256A7-4090-4DFA-8FB4-703174FEB9A3}"
EndProject
Project("{8BC9CEB8-8B4A-11D0-8D11-00A0C91BC942}") = "SubscriptionMatchedStatus_Subscription_i86Win32VS2008", "SubscriptionMatchedStatus_Subscription\SubscriptionMatchedStatus_Subscription_i86Win32VS2008.vcproj", "{ECC92438-B79D-4266-BF59-3EBDD45CD997}"
EndProject
Project("{8BC9CEB8-8B4A-11D0-8D11-00A0C91BC942}") = "TimeBasedFilterQos_Publication_i86Win32VS2008", "TimeBasedFilterQos_Publication\TimeBasedFilterQos_Publication_i86Win32VS2008.vcproj", "{E2CFCCE5-5605-4602-9B97-65CBCC3E6CF9}"
EndProject
Project("{8BC9CEB8-8B4A-11D0-8D11-00A0C91BC942}") = "TimeBasedFilterQos_Subscription_i86Win32VS2008", "TimeBasedFilterQos_Subscription\TimeBasedFilterQos_Subscription_i86Win32VS2008.vcproj", "{931FDB1B-0944-4FC8-B79E-792CF7831FA1}"
EndProject
Project("{8BC9CEB8-8B4A-11D0-8D11-00A0C91BC942}") = "TransportConfigQos_Publication_i86Win32VS2008", "TransportConfigQos_Publication\TransportConfigQos_Publication_i86Win32VS2008.vcproj", "{66DE3044-5342-4D22-99AC-25AA3E9C42FA}"
EndProject
Project("{8BC9CEB8-8B4A-11D0-8D11-00A0C91BC942}") = "TransportConfigQos_Subscription_i86Win32VS2008", "TransportConfigQos_Subscription\TransportConfigQos_Subscription_i86Win32VS2008.vcproj", "{508E010B-B11A-41DB-A28A-6A5E0DC465E6}"
EndProject
Project("{8BC9CEB8-8B4A-11D0-8D11-00A0C91BC942}") = "UserDataQos_One_i86Win32VS2008", "UserDataQos_One\UserDataQos_One_i86Win32VS2008.vcproj", "{DA2582AD-9440-4B94-B0DF-7D15B00AB926}"
EndProject
Project("{8BC9CEB8-8B4A-11D0-8D11-00A0C91BC942}") = "UserDataQos_Other_i86Win32VS2008", "UserDataQos_Other\UserDataQos_Other_i86Win32VS2008.vcproj", "{42E7272B-68BF-438F-8C0B-F4B9D0A67B3E}"
EndProject
Project("{8BC9CEB8-8B4A-11D0-8D11-00A0C91BC942}") = "UseSequenceDataType_i86Win32VS2008", "UseSequenceDataType\UseSequenceDataType_i86Win32VS2008.vcproj", "{69C20F80-7BD0-4BE4-A208-C03D3BFE8F91}"
EndProject
Project("{8BC9CEB8-8B4A-11D0-8D11-00A0C91BC942}") = "PublicationMatchedStatus_Publication_i86Win32VS2008", "PublicationMatchedStatus_Publication\PublicationMatchedStatus_Publication_i86Win32VS2008.vcproj", "{10EF03BB-286E-4C23-8B42-4D174BDF7359}"
EndProject
Project("{8BC9CEB8-8B4A-11D0-8D11-00A0C91BC942}") = "PublicationMatchedStatus_Subscription_i86Win32VS2008", "PublicationMatchedStatus_Subscription\PublicationMatchedStatus_Subscription_i86Win32VS2008.vcproj", "{BFB9ACC3-09FA-47D0-B3CA-FEE8F227FED1}"
EndProject
Global
	GlobalSection(SolutionConfigurationPlatforms) = preSolution
		Debug|Win32 = Debug|Win32
		Release|Win32 = Release|Win32
	EndGlobalSection
	GlobalSection(ProjectConfigurationPlatforms) = postSolution
		{37CD29AE-7D8E-411C-93D9-9261AAD5292E}.Debug|Win32.ActiveCfg = Debug|Win32
		{37CD29AE-7D8E-411C-93D9-9261AAD5292E}.Debug|Win32.Build.0 = Debug|Win32
		{37CD29AE-7D8E-411C-93D9-9261AAD5292E}.Release|Win32.ActiveCfg = Release|Win32
		{37CD29AE-7D8E-411C-93D9-9261AAD5292E}.Release|Win32.Build.0 = Release|Win32
		{3069F15C-6B58-4AFA-9322-AABBB7F8BA87}.Debug|Win32.ActiveCfg = Debug|Win32
		{3069F15C-6B58-4AFA-9322-AABBB7F8BA87}.Debug|Win32.Build.0 = Debug|Win32
		{3069F15C-6B58-4AFA-9322-AABBB7F8BA87}.Release|Win32.ActiveCfg = Release|Win32
		{3069F15C-6B58-4AFA-9322-AABBB7F8BA87}.Release|Win32.Build.0 = Release|Win32
		{0ADB7C13-67D3-4383-B197-05412FEBA082}.Debug|Win32.ActiveCfg = Debug|Win32
		{0ADB7C13-67D3-4383-B197-05412FEBA082}.Debug|Win32.Build.0 = Debug|Win32
		{0ADB7C13-67D3-4383-B197-05412FEBA082}.Release|Win32.ActiveCfg = Release|Win32
		{0ADB7C13-67D3-4383-B197-05412FEBA082}.Release|Win32.Build.0 = Release|Win32
		{D66B9421-11AC-47F1-8CE9-8FA93A568AFF}.Debug|Win32.ActiveCfg = Debug|Win32
		{D66B9421-11AC-47F1-8CE9-8FA93A568AFF}.Debug|Win32.Build.0 = Debug|Win32
		{D66B9421-11AC-47F1-8CE9-8FA93A568AFF}.Release|Win32.ActiveCfg = Release|Win32
		{D66B9421-11AC-47F1-8CE9-8FA93A568AFF}.Release|Win32.Build.0 = Release|Win32
		{25F4364B-8BD0-460C-8033-9285D563099B}.Debug|Win32.ActiveCfg = Debug|Win32
		{25F4364B-8BD0-460C-8033-9285D563099B}.Debug|Win32.Build.0 = Debug|Win32
		{25F4364B-8BD0-460C-8033-9285D563099B}.Release|Win32.ActiveCfg = Release|Win32
		{25F4364B-8BD0-460C-8033-9285D563099B}.Release|Win32.Build.0 = Release|Win32
		{D5CECE8C-4B8D-4762-9090-26F09DAF33EB}.Debug|Win32.ActiveCfg = Debug|Win32
		{D5CECE8C-4B8D-4762-9090-26F09DAF33EB}.Debug|Win32.Build.0 = Debug|Win32
		{D5CECE8C-4B8D-4762-9090-26F09DAF33EB}.Release|Win32.ActiveCfg = Release|Win32
		{D5CECE8C-4B8D-4762-9090-26F09DAF33EB}.Release|Win32.Build.0 = Release|Win32
		{6A3A723C-6952-41F9-B764-C4F9FB003C36}.Debug|Win32.ActiveCfg = Debug|Win32
		{6A3A723C-6952-41F9-B764-C4F9FB003C36}.Debug|Win32.Build.0 = Debug|Win32
		{6A3A723C-6952-41F9-B764-C4F9FB003C36}.Release|Win32.ActiveCfg = Release|Win32
		{6A3A723C-6952-41F9-B764-C4F9FB003C36}.Release|Win32.Build.0 = Release|Win32
		{FBD69EA3-D583-47D8-8A7E-3DF9BC9E5EDF}.Debug|Win32.ActiveCfg = Debug|Win32
		{FBD69EA3-D583-47D8-8A7E-3DF9BC9E5EDF}.Debug|Win32.Build.0 = Debug|Win32
		{FBD69EA3-D583-47D8-8A7E-3DF9BC9E5EDF}.Release|Win32.ActiveCfg = Release|Win32
		{FBD69EA3-D583-47D8-8A7E-3DF9BC9E5EDF}.Release|Win32.Build.0 = Release|Win32
		{26B47463-A69A-441D-8755-FFBFE8D0BE32}.Debug|Win32.ActiveCfg = Debug|Win32
		{26B47463-A69A-441D-8755-FFBFE8D0BE32}.Debug|Win32.Build.0 = Debug|Win32
		{26B47463-A69A-441D-8755-FFBFE8D0BE32}.Release|Win32.ActiveCfg = Release|Win32
		{26B47463-A69A-441D-8755-FFBFE8D0BE32}.Release|Win32.Build.0 = Release|Win32
		{DDDDCCC4-D125-43F3-BF5F-EC1D6FF8A4DC}.Debug|Win32.ActiveCfg = Debug|Win32
		{DDDDCCC4-D125-43F3-BF5F-EC1D6FF8A4DC}.Debug|Win32.Build.0 = Debug|Win32
		{DDDDCCC4-D125-43F3-BF5F-EC1D6FF8A4DC}.Release|Win32.ActiveCfg = Release|Win32
		{DDDDCCC4-D125-43F3-BF5F-EC1D6FF8A4DC}.Release|Win32.Build.0 = Release|Win32
		{6FF0789C-8CD7-4570-A30B-9EAE482AC3A0}.Debug|Win32.ActiveCfg = Debug|Win32
		{6FF0789C-8CD7-4570-A30B-9EAE482AC3A0}.Debug|Win32.Build.0 = Debug|Win32
		{6FF0789C-8CD7-4570-A30B-9EAE482AC3A0}.Release|Win32.ActiveCfg = Release|Win32
		{6FF0789C-8CD7-4570-A30B-9EAE482AC3A0}.Release|Win32.Build.0 = Release|Win32
		{6EF6A8E8-C195-4505-8F7E-A9039CCD489D}.Debug|Win32.ActiveCfg = Debug|Win32
		{6EF6A8E8-C195-4505-8F7E-A9039CCD489D}.Debug|Win32.Build.0 = Debug|Win32
		{6EF6A8E8-C195-4505-8F7E-A9039CCD489D}.Release|Win32.ActiveCfg = Release|Win32
		{6EF6A8E8-C195-4505-8F7E-A9039CCD489D}.Release|Win32.Build.0 = Release|Win32
		{0CABE602-8F5C-430A-9A80-A68C4C6C9B29}.Debug|Win32.ActiveCfg = Debug|Win32
		{0CABE602-8F5C-430A-9A80-A68C4C6C9B29}.Debug|Win32.Build.0 = Debug|Win32
		{0CABE602-8F5C-430A-9A80-A68C4C6C9B29}.Release|Win32.ActiveCfg = Release|Win32
		{0CABE602-8F5C-430A-9A80-A68C4C6C9B29}.Release|Win32.Build.0 = Release|Win32
		{9C6CD4B7-5EFF-4FAF-989E-482365F90D23}.Debug|Win32.ActiveCfg = Debug|Win32
		{9C6CD4B7-5EFF-4FAF-989E-482365F90D23}.Debug|Win32.Build.0 = Debug|Win32
		{9C6CD4B7-5EFF-4FAF-989E-482365F90D23}.Release|Win32.ActiveCfg = Release|Win32
		{9C6CD4B7-5EFF-4FAF-989E-482365F90D23}.Release|Win32.Build.0 = Release|Win32
		{7DE37D76-25C7-4C18-9534-EE5C199B89AE}.Debug|Win32.ActiveCfg = Debug|Win32
		{7DE37D76-25C7-4C18-9534-EE5C199B89AE}.Debug|Win32.Build.0 = Debug|Win32
		{7DE37D76-25C7-4C18-9534-EE5C199B89AE}.Release|Win32.ActiveCfg = Release|Win32
		{7DE37D76-25C7-4C18-9534-EE5C199B89AE}.Release|Win32.Build.0 = Release|Win32
		{A65604F6-747C-41F0-98A2-B84DE7763167}.Debug|Win32.ActiveCfg = Debug|Win32
		{A65604F6-747C-41F0-98A2-B84DE7763167}.Debug|Win32.Build.0 = Debug|Win32
		{A65604F6-747C-41F0-98A2-B84DE7763167}.Release|Win32.ActiveCfg = Release|Win32
		{A65604F6-747C-41F0-98A2-B84DE7763167}.Release|Win32.Build.0 = Release|Win32
		{D166A067-BD1F-40F6-AA2F-8A6B4B71B6FD}.Debug|Win32.ActiveCfg = Debug|Win32
		{D166A067-BD1F-40F6-AA2F-8A6B4B71B6FD}.Debug|Win32.Build.0 = Debug|Win32
		{D166A067-BD1F-40F6-AA2F-8A6B4B71B6FD}.Release|Win32.ActiveCfg = Release|Win32
		{D166A067-BD1F-40F6-AA2F-8A6B4B71B6FD}.Release|Win32.Build.0 = Release|Win32
		{42C4FB98-E2D7-4AFF-B858-D9990CE61034}.Debug|Win32.ActiveCfg = Debug|Win32
		{42C4FB98-E2D7-4AFF-B858-D9990CE61034}.Debug|Win32.Build.0 = Debug|Win32
		{42C4FB98-E2D7-4AFF-B858-D9990CE61034}.Release|Win32.ActiveCfg = Release|Win32
		{42C4FB98-E2D7-4AFF-B858-D9990CE61034}.Release|Win32.Build.0 = Release|Win32
		{72F4B37F-52A9-4DFA-A038-6DD0C4AAD0C9}.Debug|Win32.ActiveCfg = Debug|Win32
		{72F4B37F-52A9-4DFA-A038-6DD0C4AAD0C9}.Debug|Win32.Build.0 = Debug|Win32
		{72F4B37F-52A9-4DFA-A038-6DD0C4AAD0C9}.Release|Win32.ActiveCfg = Release|Win32
		{72F4B37F-52A9-4DFA-A038-6DD0C4AAD0C9}.Release|Win32.Build.0 = Release|Win32
		{B5529AB3-E23E-4E84-8B61-E38010FD05C1}.Debug|Win32.ActiveCfg = Debug|Win32
		{B5529AB3-E23E-4E84-8B61-E38010FD05C1}.Debug|Win32.Build.0 = Debug|Win32
		{B5529AB3-E23E-4E84-8B61-E38010FD05C1}.Release|Win32.ActiveCfg = Release|Win32
		{B5529AB3-E23E-4E84-8B61-E38010FD05C1}.Release|Win32.Build.0 = Release|Win32
		{5AF24B22-ACA2-4A32-9C48-1E3FC9EF01CB}.Debug|Win32.ActiveCfg = Debug|Win32
		{5AF24B22-ACA2-4A32-9C48-1E3FC9EF01CB}.Debug|Win32.Build.0 = Debug|Win32
		{5AF24B22-ACA2-4A32-9C48-1E3FC9EF01CB}.Release|Win32.ActiveCfg = Release|Win32
		{5AF24B22-ACA2-4A32-9C48-1E3FC9EF01CB}.Release|Win32.Build.0 = Release|Win32
		{99A07DD9-DC54-4D1A-BBA7-BB4256BA93DB}.Debug|Win32.ActiveCfg = Debug|Win32
		{99A07DD9-DC54-4D1A-BBA7-BB4256BA93DB}.Debug|Win32.Build.0 = Debug|Win32
		{99A07DD9-DC54-4D1A-BBA7-BB4256BA93DB}.Release|Win32.ActiveCfg = Release|Win32
		{99A07DD9-DC54-4D1A-BBA7-BB4256BA93DB}.Release|Win32.Build.0 = Release|Win32
		{CFC67DD6-2915-4284-B4A8-8AF733EFFE45}.Debug|Win32.ActiveCfg = Debug|Win32
		{CFC67DD6-2915-4284-B4A8-8AF733EFFE45}.Debug|Win32.Build.0 = Debug|Win32
		{CFC67DD6-2915-4284-B4A8-8AF733EFFE45}.Release|Win32.ActiveCfg = Release|Win32
		{CFC67DD6-2915-4284-B4A8-8AF733EFFE45}.Release|Win32.Build.0 = Release|Win32
		{8B38ECF2-E143-4409-B5FD-16C80B8590CD}.Debug|Win32.ActiveCfg = Debug|Win32
		{8B38ECF2-E143-4409-B5FD-16C80B8590CD}.Debug|Win32.Build.0 = Debug|Win32
		{8B38ECF2-E143-4409-B5FD-16C80B8590CD}.Release|Win32.ActiveCfg = Release|Win32
		{8B38ECF2-E143-4409-B5FD-16C80B8590CD}.Release|Win32.Build.0 = Release|Win32
		{7EED14FB-98E5-4BFF-A50B-215738D44108}.Debug|Win32.ActiveCfg = Debug|Win32
		{7EED14FB-98E5-4BFF-A50B-215738D44108}.Debug|Win32.Build.0 = Debug|Win32
		{7EED14FB-98E5-4BFF-A50B-215738D44108}.Release|Win32.ActiveCfg = Release|Win32
		{7EED14FB-98E5-4BFF-A50B-215738D44108}.Release|Win32.Build.0 = Release|Win32
		{D59B4FF0-24A7-49F6-AA10-11686C9B4A67}.Debug|Win32.ActiveCfg = Debug|Win32
		{D59B4FF0-24A7-49F6-AA10-11686C9B4A67}.Debug|Win32.Build.0 = Debug|Win32
		{D59B4FF0-24A7-49F6-AA10-11686C9B4A67}.Release|Win32.ActiveCfg = Release|Win32
		{D59B4FF0-24A7-49F6-AA10-11686C9B4A67}.Release|Win32.Build.0 = Release|Win32
		{3BE86600-C0C9-4893-B098-BE4D5E794A27}.Debug|Win32.ActiveCfg = Debug|Win32
		{3BE86600-C0C9-4893-B098-BE4D5E794A27}.Debug|Win32.Build.0 = Debug|Win32
		{3BE86600-C0C9-4893-B098-BE4D5E794A27}.Release|Win32.ActiveCfg = Release|Win32
		{3BE86600-C0C9-4893-B098-BE4D5E794A27}.Release|Win32.Build.0 = Release|Win32
		{F46A751E-1CD0-48D4-A316-314A300A4DC4}.Debug|Win32.ActiveCfg = Debug|Win32
		{F46A751E-1CD0-48D4-A316-314A300A4DC4}.Debug|Win32.Build.0 = Debug|Win32
		{F46A751E-1CD0-48D4-A316-314A300A4DC4}.Release|Win32.ActiveCfg = Release|Win32
		{F46A751E-1CD0-48D4-A316-314A300A4DC4}.Release|Win32.Build.0 = Release|Win32
		{6BBB8985-A1BD-4286-BE76-9076811544E4}.Debug|Win32.ActiveCfg = Debug|Win32
		{6BBB8985-A1BD-4286-BE76-9076811544E4}.Debug|Win32.Build.0 = Debug|Win32
		{6BBB8985-A1BD-4286-BE76-9076811544E4}.Release|Win32.ActiveCfg = Release|Win32
		{6BBB8985-A1BD-4286-BE76-9076811544E4}.Release|Win32.Build.0 = Release|Win32
		{5036EF7B-8F7D-4C2F-AFEB-BA46DA03E8B3}.Debug|Win32.ActiveCfg = Debug|Win32
		{5036EF7B-8F7D-4C2F-AFEB-BA46DA03E8B3}.Debug|Win32.Build.0 = Debug|Win32
		{5036EF7B-8F7D-4C2F-AFEB-BA46DA03E8B3}.Release|Win32.ActiveCfg = Release|Win32
		{5036EF7B-8F7D-4C2F-AFEB-BA46DA03E8B3}.Release|Win32.Build.0 = Release|Win32
		{38C0C762-2C6D-4257-B219-EE7CE48454B3}.Debug|Win32.ActiveCfg = Debug|Win32
		{38C0C762-2C6D-4257-B219-EE7CE48454B3}.Debug|Win32.Build.0 = Debug|Win32
		{38C0C762-2C6D-4257-B219-EE7CE48454B3}.Release|Win32.ActiveCfg = Release|Win32
		{38C0C762-2C6D-4257-B219-EE7CE48454B3}.Release|Win32.Build.0 = Release|Win32
		{75C256A7-4090-4DFA-8FB4-703174FEB9A3}.Debug|Win32.ActiveCfg = Debug|Win32
		{75C256A7-4090-4DFA-8FB4-703174FEB9A3}.Debug|Win32.Build.0 = Debug|Win32
		{75C256A7-4090-4DFA-8FB4-703174FEB9A3}.Release|Win32.ActiveCfg = Release|Win32
		{75C256A7-4090-4DFA-8FB4-703174FEB9A3}.Release|Win32.Build.0 = Release|Win32
		{ECC92438-B79D-4266-BF59-3EBDD45CD997}.Debug|Win32.ActiveCfg = Debug|Win32
		{ECC92438-B79D-4266-BF59-3EBDD45CD997}.Debug|Win32.Build.0 = Debug|Win32
		{ECC92438-B79D-4266-BF59-3EBDD45CD997}.Release|Win32.ActiveCfg = Release|Win32
		{ECC92438-B79D-4266-BF59-3EBDD45CD997}.Release|Win32.Build.0 = Release|Win32
		{E2CFCCE5-5605-4602-9B97-65CBCC3E6CF9}.Debug|Win32.ActiveCfg = Debug|Win32
		{E2CFCCE5-5605-4602-9B97-65CBCC3E6CF9}.Debug|Win32.Build.0 = Debug|Win32
		{E2CFCCE5-5605-4602-9B97-65CBCC3E6CF9}.Release|Win32.ActiveCfg = Release|Win32
		{E2CFCCE5-5605-4602-9B97-65CBCC3E6CF9}.Release|Win32.Build.0 = Release|Win32
		{931FDB1B-0944-4FC8-B79E-792CF7831FA1}.Debug|Win32.ActiveCfg = Debug|Win32
		{931FDB1B-0944-4FC8-B79E-792CF7831FA1}.Debug|Win32.Build.0 = Debug|Win32
		{931FDB1B-0944-4FC8-B79E-792CF7831FA1}.Release|Win32.ActiveCfg = Release|Win32
		{931FDB1B-0944-4FC8-B79E-792CF7831FA1}.Release|Win32.Build.0 = Release|Win32
		{66DE3044-5342-4D22-99AC-25AA3E9C42FA}.Debug|Win32.ActiveCfg = Debug|Win32
		{66DE3044-5342-4D22-99AC-25AA3E9C42FA}.Debug|Win32.Build.0 = Debug|Win32
		{66DE3044-5342-4D22-99AC-25AA3E9C42FA}.Release|Win32.ActiveCfg = Release|Win32
		{66DE3044-5342-4D22-99AC-25AA3E9C42FA}.Release|Win32.Build.0 = Release|Win32
		{508E010B-B11A-41DB-A28A-6A5E0DC465E6}.Debug|Win32.ActiveCfg = Debug|Win32
		{508E010B-B11A-41DB-A28A-6A5E0DC465E6}.Debug|Win32.Build.0 = Debug|Win32
		{508E010B-B11A-41DB-A28A-6A5E0DC465E6}.Release|Win32.ActiveCfg = Release|Win32
		{508E010B-B11A-41DB-A28A-6A5E0DC465E6}.Release|Win32.Build.0 = Release|Win32
		{DA2582AD-9440-4B94-B0DF-7D15B00AB926}.Debug|Win32.ActiveCfg = Debug|Win32
		{DA2582AD-9440-4B94-B0DF-7D15B00AB926}.Debug|Win32.Build.0 = Debug|Win32
		{DA2582AD-9440-4B94-B0DF-7D15B00AB926}.Release|Win32.ActiveCfg = Release|Win32
		{DA2582AD-9440-4B94-B0DF-7D15B00AB926}.Release|Win32.Build.0 = Release|Win32
		{42E7272B-68BF-438F-8C0B-F4B9D0A67B3E}.Debug|Win32.ActiveCfg = Debug|Win32
		{42E7272B-68BF-438F-8C0B-F4B9D0A67B3E}.Debug|Win32.Build.0 = Debug|Win32
		{42E7272B-68BF-438F-8C0B-F4B9D0A67B3E}.Release|Win32.ActiveCfg = Release|Win32
		{42E7272B-68BF-438F-8C0B-F4B9D0A67B3E}.Release|Win32.Build.0 = Release|Win32
		{69C20F80-7BD0-4BE4-A208-C03D3BFE8F91}.Debug|Win32.ActiveCfg = Debug|Win32
		{69C20F80-7BD0-4BE4-A208-C03D3BFE8F91}.Debug|Win32.Build.0 = Debug|Win32
		{69C20F80-7BD0-4BE4-A208-C03D3BFE8F91}.Release|Win32.ActiveCfg = Release|Win32
		{69C20F80-7BD0-4BE4-A208-C03D3BFE8F91}.Release|Win32.Build.0 = Release|Win32
		{10EF03BB-286E-4C23-8B42-4D174BDF7359}.Debug|Win32.ActiveCfg = Debug|Win32
		{10EF03BB-286E-4C23-8B42-4D174BDF7359}.Debug|Win32.Build.0 = Debug|Win32
		{10EF03BB-286E-4C23-8B42-4D174BDF7359}.Release|Win32.ActiveCfg = Release|Win32
		{10EF03BB-286E-4C23-8B42-4D174BDF7359}.Release|Win32.Build.0 = Release|Win32
		{BFB9ACC3-09FA-47D0-B3CA-FEE8F227FED1}.Debug|Win32.ActiveCfg = Debug|Win32
		{BFB9ACC3-09FA-47D0-B3CA-FEE8F227FED1}.Debug|Win32.Build.0 = Debug|Win32
		{BFB9ACC3-09FA-47D0-B3CA-FEE8F227FED1}.Release|Win32.ActiveCfg = Release|Win32
		{BFB9ACC3-09FA-47D0-B3CA-FEE8F227FED1}.Release|Win32.Build.0 = Release|Win32
	EndGlobalSection
	GlobalSection(SolutionProperties) = preSolution
		HideSolutionNode = FALSE
	EndGlobalSection
EndGlobal
